// !$*UTF8*$!
{
	archiveVersion = 1;
	classes = {
	};
	objectVersion = 51;
	objects = {

/* Begin PBXBuildFile section */
		040C7D64236F782300E2865D /* FloatLabelTextField.swift in Sources */ = {isa = PBXBuildFile; fileRef = 040C7D63236F782300E2865D /* FloatLabelTextField.swift */; };
		040DE7502377654A00618887 /* UIViewController.swift in Sources */ = {isa = PBXBuildFile; fileRef = 040DE74F2377654A00618887 /* UIViewController.swift */; };
		0443657D23E5875A00E78BA9 /* FirebaseManager.swift in Sources */ = {isa = PBXBuildFile; fileRef = 0443657C23E5875A00E78BA9 /* FirebaseManager.swift */; };
		0443658023E5925100E78BA9 /* UserDefaultKey.swift in Sources */ = {isa = PBXBuildFile; fileRef = 0443657F23E5925100E78BA9 /* UserDefaultKey.swift */; };
		0443658323E593CB00E78BA9 /* UserDefaults.swift in Sources */ = {isa = PBXBuildFile; fileRef = 0443658223E593CB00E78BA9 /* UserDefaults.swift */; };
		0443658523E59A2A00E78BA9 /* UserDefaultsManager.swift in Sources */ = {isa = PBXBuildFile; fileRef = 0443658423E59A2A00E78BA9 /* UserDefaultsManager.swift */; };
		0443658723E59D4E00E78BA9 /* LogService.swift in Sources */ = {isa = PBXBuildFile; fileRef = 0443658623E59D4E00E78BA9 /* LogService.swift */; };
		0443658B23E5C79900E78BA9 /* FirebaseCollection.swift in Sources */ = {isa = PBXBuildFile; fileRef = 0443658A23E5C79900E78BA9 /* FirebaseCollection.swift */; };
		0443658D23E605FB00E78BA9 /* Encodable.swift in Sources */ = {isa = PBXBuildFile; fileRef = 0443658C23E605FB00E78BA9 /* Encodable.swift */; };
		0443658F23E60D9400E78BA9 /* String.swift in Sources */ = {isa = PBXBuildFile; fileRef = 0443658E23E60D9400E78BA9 /* String.swift */; };
		044A1B142360E5C9001E9F2F /* String+PasswordValidation.swift in Sources */ = {isa = PBXBuildFile; fileRef = 044A1B132360E5C9001E9F2F /* String+PasswordValidation.swift */; };
		04652DD4238DDFA30069452B /* RootCoordinator.swift in Sources */ = {isa = PBXBuildFile; fileRef = 04652DD3238DDFA30069452B /* RootCoordinator.swift */; };
		04652DD6238F2A950069452B /* TabBarCoordinator.swift in Sources */ = {isa = PBXBuildFile; fileRef = 04652DD5238F2A950069452B /* TabBarCoordinator.swift */; };
		047F3F7D237C92B500B0CCA4 /* ResetPasswordViewController.swift in Sources */ = {isa = PBXBuildFile; fileRef = 047F3F7C237C92B500B0CCA4 /* ResetPasswordViewController.swift */; };
		047F3F80237C92FD00B0CCA4 /* ResetPasswordViewController.storyboard in Resources */ = {isa = PBXBuildFile; fileRef = 047F3F7F237C92FD00B0CCA4 /* ResetPasswordViewController.storyboard */; };
		0480975B234538E90022FB43 /* AppDelegate.swift in Sources */ = {isa = PBXBuildFile; fileRef = 0480975A234538E90022FB43 /* AppDelegate.swift */; };
		0480975D234538E90022FB43 /* SceneDelegate.swift in Sources */ = {isa = PBXBuildFile; fileRef = 0480975C234538E90022FB43 /* SceneDelegate.swift */; };
		04809761234538EA0022FB43 /* Assets.xcassets in Resources */ = {isa = PBXBuildFile; fileRef = 04809760234538EA0022FB43 /* Assets.xcassets */; };
		04809764234538EA0022FB43 /* Preview Assets.xcassets in Resources */ = {isa = PBXBuildFile; fileRef = 04809763234538EA0022FB43 /* Preview Assets.xcassets */; };
		04809767234538EA0022FB43 /* LaunchScreen.storyboard in Resources */ = {isa = PBXBuildFile; fileRef = 04809765234538EA0022FB43 /* LaunchScreen.storyboard */; };
		048097782345396E0022FB43 /* SignInViewController.storyboard in Resources */ = {isa = PBXBuildFile; fileRef = 048097742345396E0022FB43 /* SignInViewController.storyboard */; };
		048097792345396E0022FB43 /* LoginViewController.swift in Sources */ = {isa = PBXBuildFile; fileRef = 048097752345396E0022FB43 /* LoginViewController.swift */; };
		0480977A2345396E0022FB43 /* SignInViewController.swift in Sources */ = {isa = PBXBuildFile; fileRef = 048097762345396E0022FB43 /* SignInViewController.swift */; };
		0480977B2345396E0022FB43 /* LoginViewController.storyboard in Resources */ = {isa = PBXBuildFile; fileRef = 048097772345396E0022FB43 /* LoginViewController.storyboard */; };
		0480977E234539810022FB43 /* UIColor+HEX.swift in Sources */ = {isa = PBXBuildFile; fileRef = 0480977D234539810022FB43 /* UIColor+HEX.swift */; };
		048097862345398E0022FB43 /* Constants.swift in Sources */ = {isa = PBXBuildFile; fileRef = 048097802345398E0022FB43 /* Constants.swift */; };
		048097872345398E0022FB43 /* Color.swift in Sources */ = {isa = PBXBuildFile; fileRef = 048097822345398E0022FB43 /* Color.swift */; };
		048097882345398E0022FB43 /* FontRepresentable.swift in Sources */ = {isa = PBXBuildFile; fileRef = 048097842345398E0022FB43 /* FontRepresentable.swift */; };
		048097892345398E0022FB43 /* Font.swift in Sources */ = {isa = PBXBuildFile; fileRef = 048097852345398E0022FB43 /* Font.swift */; };
		0480978B23453A9E0022FB43 /* GoogleService-Info.plist in Resources */ = {isa = PBXBuildFile; fileRef = 0480978A23453A9E0022FB43 /* GoogleService-Info.plist */; };
		049E4E60238AC42E007DF3E3 /* AuthenticationCoordinator.swift in Sources */ = {isa = PBXBuildFile; fileRef = 049E4E5F238AC42E007DF3E3 /* AuthenticationCoordinator.swift */; };
		049E4E62238AC469007DF3E3 /* Coordinator.swift in Sources */ = {isa = PBXBuildFile; fileRef = 049E4E61238AC469007DF3E3 /* Coordinator.swift */; };
		049E4E65238AC7A2007DF3E3 /* Storyboarded.swift in Sources */ = {isa = PBXBuildFile; fileRef = 049E4E64238AC7A2007DF3E3 /* Storyboarded.swift */; };
		049E4E68238AF416007DF3E3 /* HomeScreenViewController.swift in Sources */ = {isa = PBXBuildFile; fileRef = 049E4E67238AF416007DF3E3 /* HomeScreenViewController.swift */; };
		049E4E6A238AF438007DF3E3 /* HomeScreenViewController.storyboard in Resources */ = {isa = PBXBuildFile; fileRef = 049E4E69238AF438007DF3E3 /* HomeScreenViewController.storyboard */; };
		04CE61BF2364BCDC00F534E9 /* UITextField.swift in Sources */ = {isa = PBXBuildFile; fileRef = 04CE61BE2364BCDC00F534E9 /* UITextField.swift */; };
		04CE61C22364CA5B00F534E9 /* Text.swift in Sources */ = {isa = PBXBuildFile; fileRef = 04CE61C12364CA5B00F534E9 /* Text.swift */; };
		04CE61C42364CE6000F534E9 /* UIView.swift in Sources */ = {isa = PBXBuildFile; fileRef = 04CE61C32364CE6000F534E9 /* UIView.swift */; };
		04CE61C62364E23700F534E9 /* ExtenededPasswordValidator.swift in Sources */ = {isa = PBXBuildFile; fileRef = 04CE61C52364E23700F534E9 /* ExtenededPasswordValidator.swift */; };
		04CE61CA2364EDEF00F534E9 /* PasswordValidation.swift in Sources */ = {isa = PBXBuildFile; fileRef = 04CE61C92364EDEF00F534E9 /* PasswordValidation.swift */; };
		04FCED5223DCF5310097DD03 /* FirebaseUser.swift in Sources */ = {isa = PBXBuildFile; fileRef = 04FCED5123DCF5310097DD03 /* FirebaseUser.swift */; };
		04FCED5523DCFB5D0097DD03 /* Constants+Firebase.swift in Sources */ = {isa = PBXBuildFile; fileRef = 04FCED5423DCFB5D0097DD03 /* Constants+Firebase.swift */; };
		92384BA5C66F01B94C12EAE7 /* Pods_Barter.framework in Frameworks */ = {isa = PBXBuildFile; fileRef = 75798B9D348173198AB3974B /* Pods_Barter.framework */; };
/* End PBXBuildFile section */

/* Begin PBXFileReference section */
		040C7D63236F782300E2865D /* FloatLabelTextField.swift */ = {isa = PBXFileReference; fileEncoding = 4; lastKnownFileType = sourcecode.swift; path = FloatLabelTextField.swift; sourceTree = "<group>"; };
		040DE74F2377654A00618887 /* UIViewController.swift */ = {isa = PBXFileReference; lastKnownFileType = sourcecode.swift; path = UIViewController.swift; sourceTree = "<group>"; };
		0443657C23E5875A00E78BA9 /* FirebaseManager.swift */ = {isa = PBXFileReference; lastKnownFileType = sourcecode.swift; path = FirebaseManager.swift; sourceTree = "<group>"; };
		0443657F23E5925100E78BA9 /* UserDefaultKey.swift */ = {isa = PBXFileReference; lastKnownFileType = sourcecode.swift; path = UserDefaultKey.swift; sourceTree = "<group>"; };
		0443658223E593CB00E78BA9 /* UserDefaults.swift */ = {isa = PBXFileReference; lastKnownFileType = sourcecode.swift; path = UserDefaults.swift; sourceTree = "<group>"; };
		0443658423E59A2A00E78BA9 /* UserDefaultsManager.swift */ = {isa = PBXFileReference; lastKnownFileType = sourcecode.swift; path = UserDefaultsManager.swift; sourceTree = "<group>"; };
		0443658623E59D4E00E78BA9 /* LogService.swift */ = {isa = PBXFileReference; lastKnownFileType = sourcecode.swift; path = LogService.swift; sourceTree = "<group>"; };
		0443658A23E5C79900E78BA9 /* FirebaseCollection.swift */ = {isa = PBXFileReference; lastKnownFileType = sourcecode.swift; path = FirebaseCollection.swift; sourceTree = "<group>"; };
		0443658C23E605FB00E78BA9 /* Encodable.swift */ = {isa = PBXFileReference; lastKnownFileType = sourcecode.swift; path = Encodable.swift; sourceTree = "<group>"; };
		0443658E23E60D9400E78BA9 /* String.swift */ = {isa = PBXFileReference; lastKnownFileType = sourcecode.swift; path = String.swift; sourceTree = "<group>"; };
		044A1B132360E5C9001E9F2F /* String+PasswordValidation.swift */ = {isa = PBXFileReference; lastKnownFileType = sourcecode.swift; path = "String+PasswordValidation.swift"; sourceTree = "<group>"; };
		04652DD3238DDFA30069452B /* RootCoordinator.swift */ = {isa = PBXFileReference; lastKnownFileType = sourcecode.swift; path = RootCoordinator.swift; sourceTree = "<group>"; };
		04652DD5238F2A950069452B /* TabBarCoordinator.swift */ = {isa = PBXFileReference; lastKnownFileType = sourcecode.swift; path = TabBarCoordinator.swift; sourceTree = "<group>"; };
		047F3F7C237C92B500B0CCA4 /* ResetPasswordViewController.swift */ = {isa = PBXFileReference; lastKnownFileType = sourcecode.swift; path = ResetPasswordViewController.swift; sourceTree = "<group>"; };
		047F3F7F237C92FD00B0CCA4 /* ResetPasswordViewController.storyboard */ = {isa = PBXFileReference; lastKnownFileType = file.storyboard; path = ResetPasswordViewController.storyboard; sourceTree = "<group>"; };
		04809757234538E90022FB43 /* Barter.app */ = {isa = PBXFileReference; explicitFileType = wrapper.application; includeInIndex = 0; path = Barter.app; sourceTree = BUILT_PRODUCTS_DIR; };
		0480975A234538E90022FB43 /* AppDelegate.swift */ = {isa = PBXFileReference; lastKnownFileType = sourcecode.swift; path = AppDelegate.swift; sourceTree = "<group>"; };
		0480975C234538E90022FB43 /* SceneDelegate.swift */ = {isa = PBXFileReference; lastKnownFileType = sourcecode.swift; path = SceneDelegate.swift; sourceTree = "<group>"; };
		04809760234538EA0022FB43 /* Assets.xcassets */ = {isa = PBXFileReference; lastKnownFileType = folder.assetcatalog; path = Assets.xcassets; sourceTree = "<group>"; };
		04809763234538EA0022FB43 /* Preview Assets.xcassets */ = {isa = PBXFileReference; lastKnownFileType = folder.assetcatalog; path = "Preview Assets.xcassets"; sourceTree = "<group>"; };
		04809766234538EA0022FB43 /* Base */ = {isa = PBXFileReference; lastKnownFileType = file.storyboard; name = Base; path = Base.lproj/LaunchScreen.storyboard; sourceTree = "<group>"; };
		04809768234538EA0022FB43 /* Info.plist */ = {isa = PBXFileReference; lastKnownFileType = text.plist.xml; path = Info.plist; sourceTree = "<group>"; };
		048097742345396E0022FB43 /* SignInViewController.storyboard */ = {isa = PBXFileReference; fileEncoding = 4; lastKnownFileType = file.storyboard; path = SignInViewController.storyboard; sourceTree = "<group>"; };
		048097752345396E0022FB43 /* LoginViewController.swift */ = {isa = PBXFileReference; fileEncoding = 4; lastKnownFileType = sourcecode.swift; path = LoginViewController.swift; sourceTree = "<group>"; };
		048097762345396E0022FB43 /* SignInViewController.swift */ = {isa = PBXFileReference; fileEncoding = 4; lastKnownFileType = sourcecode.swift; path = SignInViewController.swift; sourceTree = "<group>"; };
		048097772345396E0022FB43 /* LoginViewController.storyboard */ = {isa = PBXFileReference; fileEncoding = 4; lastKnownFileType = file.storyboard; path = LoginViewController.storyboard; sourceTree = "<group>"; };
		0480977D234539810022FB43 /* UIColor+HEX.swift */ = {isa = PBXFileReference; fileEncoding = 4; lastKnownFileType = sourcecode.swift; path = "UIColor+HEX.swift"; sourceTree = "<group>"; };
		048097802345398E0022FB43 /* Constants.swift */ = {isa = PBXFileReference; fileEncoding = 4; lastKnownFileType = sourcecode.swift; path = Constants.swift; sourceTree = "<group>"; };
		048097822345398E0022FB43 /* Color.swift */ = {isa = PBXFileReference; fileEncoding = 4; lastKnownFileType = sourcecode.swift; path = Color.swift; sourceTree = "<group>"; };
		048097842345398E0022FB43 /* FontRepresentable.swift */ = {isa = PBXFileReference; fileEncoding = 4; lastKnownFileType = sourcecode.swift; path = FontRepresentable.swift; sourceTree = "<group>"; };
		048097852345398E0022FB43 /* Font.swift */ = {isa = PBXFileReference; fileEncoding = 4; lastKnownFileType = sourcecode.swift; path = Font.swift; sourceTree = "<group>"; };
		0480978A23453A9E0022FB43 /* GoogleService-Info.plist */ = {isa = PBXFileReference; fileEncoding = 4; lastKnownFileType = text.plist.xml; path = "GoogleService-Info.plist"; sourceTree = "<group>"; };
		049E4E5F238AC42E007DF3E3 /* AuthenticationCoordinator.swift */ = {isa = PBXFileReference; lastKnownFileType = sourcecode.swift; path = AuthenticationCoordinator.swift; sourceTree = "<group>"; };
		049E4E61238AC469007DF3E3 /* Coordinator.swift */ = {isa = PBXFileReference; lastKnownFileType = sourcecode.swift; path = Coordinator.swift; sourceTree = "<group>"; };
		049E4E64238AC7A2007DF3E3 /* Storyboarded.swift */ = {isa = PBXFileReference; lastKnownFileType = sourcecode.swift; path = Storyboarded.swift; sourceTree = "<group>"; };
		049E4E67238AF416007DF3E3 /* HomeScreenViewController.swift */ = {isa = PBXFileReference; lastKnownFileType = sourcecode.swift; path = HomeScreenViewController.swift; sourceTree = "<group>"; };
		049E4E69238AF438007DF3E3 /* HomeScreenViewController.storyboard */ = {isa = PBXFileReference; lastKnownFileType = file.storyboard; path = HomeScreenViewController.storyboard; sourceTree = "<group>"; };
		04CE61BE2364BCDC00F534E9 /* UITextField.swift */ = {isa = PBXFileReference; lastKnownFileType = sourcecode.swift; path = UITextField.swift; sourceTree = "<group>"; };
		04CE61C12364CA5B00F534E9 /* Text.swift */ = {isa = PBXFileReference; lastKnownFileType = sourcecode.swift; path = Text.swift; sourceTree = "<group>"; };
		04CE61C32364CE6000F534E9 /* UIView.swift */ = {isa = PBXFileReference; lastKnownFileType = sourcecode.swift; path = UIView.swift; sourceTree = "<group>"; };
		04CE61C52364E23700F534E9 /* ExtenededPasswordValidator.swift */ = {isa = PBXFileReference; lastKnownFileType = sourcecode.swift; path = ExtenededPasswordValidator.swift; sourceTree = "<group>"; };
		04CE61C92364EDEF00F534E9 /* PasswordValidation.swift */ = {isa = PBXFileReference; lastKnownFileType = sourcecode.swift; path = PasswordValidation.swift; sourceTree = "<group>"; };
		04FCED5123DCF5310097DD03 /* FirebaseUser.swift */ = {isa = PBXFileReference; lastKnownFileType = sourcecode.swift; path = FirebaseUser.swift; sourceTree = "<group>"; };
		04FCED5423DCFB5D0097DD03 /* Constants+Firebase.swift */ = {isa = PBXFileReference; lastKnownFileType = sourcecode.swift; path = "Constants+Firebase.swift"; sourceTree = "<group>"; };
		75798B9D348173198AB3974B /* Pods_Barter.framework */ = {isa = PBXFileReference; explicitFileType = wrapper.framework; includeInIndex = 0; path = Pods_Barter.framework; sourceTree = BUILT_PRODUCTS_DIR; };
		BFC8242630FA690C6478722C /* Pods-Barter.release.xcconfig */ = {isa = PBXFileReference; includeInIndex = 1; lastKnownFileType = text.xcconfig; name = "Pods-Barter.release.xcconfig"; path = "Target Support Files/Pods-Barter/Pods-Barter.release.xcconfig"; sourceTree = "<group>"; };
		C9864BBBF0B9039AD325E6C9 /* Pods-Barter.debug.xcconfig */ = {isa = PBXFileReference; includeInIndex = 1; lastKnownFileType = text.xcconfig; name = "Pods-Barter.debug.xcconfig"; path = "Target Support Files/Pods-Barter/Pods-Barter.debug.xcconfig"; sourceTree = "<group>"; };
/* End PBXFileReference section */

/* Begin PBXFrameworksBuildPhase section */
		04809754234538E90022FB43 /* Frameworks */ = {
			isa = PBXFrameworksBuildPhase;
			buildActionMask = 2147483647;
			files = (
				92384BA5C66F01B94C12EAE7 /* Pods_Barter.framework in Frameworks */,
			);
			runOnlyForDeploymentPostprocessing = 0;
		};
/* End PBXFrameworksBuildPhase section */

/* Begin PBXGroup section */
		0443657E23E5922F00E78BA9 /* Enums */ = {
			isa = PBXGroup;
			children = (
				0443657F23E5925100E78BA9 /* UserDefaultKey.swift */,
				0443658A23E5C79900E78BA9 /* FirebaseCollection.swift */,
			);
			path = Enums;
			sourceTree = "<group>";
		};
		0443658123E593A500E78BA9 /* Extensions */ = {
			isa = PBXGroup;
			children = (
				0443658223E593CB00E78BA9 /* UserDefaults.swift */,
				0443658C23E605FB00E78BA9 /* Encodable.swift */,
				0443658E23E60D9400E78BA9 /* String.swift */,
			);
			path = Extensions;
			sourceTree = "<group>";
		};
		044A1B102360E52B001E9F2F /* Common */ = {
			isa = PBXGroup;
			children = (
				0443657E23E5922F00E78BA9 /* Enums */,
				049E4E63238AC748007DF3E3 /* Protocols */,
				0443658123E593A500E78BA9 /* Extensions */,
				04CE61C82364EDA900F534E9 /* PasswordValidator */,
				040C7D63236F782300E2865D /* FloatLabelTextField.swift */,
			);
			path = Common;
			sourceTree = "<group>";
		};
		044A1B112360E54A001E9F2F /* SignInViewController */ = {
			isa = PBXGroup;
			children = (
				048097762345396E0022FB43 /* SignInViewController.swift */,
				048097742345396E0022FB43 /* SignInViewController.storyboard */,
			);
			path = SignInViewController;
			sourceTree = "<group>";
		};
		044A1B122360E57D001E9F2F /* LogInViewConroller */ = {
			isa = PBXGroup;
			children = (
				048097752345396E0022FB43 /* LoginViewController.swift */,
				048097772345396E0022FB43 /* LoginViewController.storyboard */,
			);
			name = LogInViewConroller;
			sourceTree = "<group>";
		};
		047F3F7E237C92CB00B0CCA4 /* ResetPasswordViewController */ = {
			isa = PBXGroup;
			children = (
				047F3F7C237C92B500B0CCA4 /* ResetPasswordViewController.swift */,
				047F3F7F237C92FD00B0CCA4 /* ResetPasswordViewController.storyboard */,
			);
			path = ResetPasswordViewController;
			sourceTree = "<group>";
		};
		0480974E234538E80022FB43 = {
			isa = PBXGroup;
			children = (
				04809759234538E90022FB43 /* Barter */,
				04809758234538E90022FB43 /* Products */,
				2C98E48E6CFE74A03E588082 /* Pods */,
				41FC902A98358654D8F675BA /* Frameworks */,
			);
			sourceTree = "<group>";
		};
		04809758234538E90022FB43 /* Products */ = {
			isa = PBXGroup;
			children = (
				04809757234538E90022FB43 /* Barter.app */,
			);
			name = Products;
			sourceTree = "<group>";
		};
		04809759234538E90022FB43 /* Barter */ = {
			isa = PBXGroup;
			children = (
				044A1B102360E52B001E9F2F /* Common */,
				0480976E234539150022FB43 /* Presentation */,
				04809762234538EA0022FB43 /* Preview Content */,
				04CE61C72364EB7100F534E9 /* Services */,
				0480976F234539310022FB43 /* Source */,
				0480977F2345398E0022FB43 /* Constants */,
				04809770234539480022FB43 /* SupportingFiles */,
				0480975A234538E90022FB43 /* AppDelegate.swift */,
				04809760234538EA0022FB43 /* Assets.xcassets */,
				04809765234538EA0022FB43 /* LaunchScreen.storyboard */,
				04809768234538EA0022FB43 /* Info.plist */,
			);
			path = Barter;
			sourceTree = "<group>";
		};
		04809762234538EA0022FB43 /* Preview Content */ = {
			isa = PBXGroup;
			children = (
				04809763234538EA0022FB43 /* Preview Assets.xcassets */,
			);
			path = "Preview Content";
			sourceTree = "<group>";
		};
		0480976E234539150022FB43 /* Presentation */ = {
			isa = PBXGroup;
			children = (
				049E4E5E238AC412007DF3E3 /* Coordinators */,
				0480975C234538E90022FB43 /* SceneDelegate.swift */,
				048097732345396E0022FB43 /* ViewControllers */,
			);
			path = Presentation;
			sourceTree = "<group>";
		};
		0480976F234539310022FB43 /* Source */ = {
			isa = PBXGroup;
			children = (
				04FCED5323DCF7F40097DD03 /* Models */,
				0480977C234539810022FB43 /* Extension */,
			);
			path = Source;
			sourceTree = "<group>";
		};
		04809770234539480022FB43 /* SupportingFiles */ = {
			isa = PBXGroup;
			children = (
				0480978A23453A9E0022FB43 /* GoogleService-Info.plist */,
			);
			path = SupportingFiles;
			sourceTree = "<group>";
		};
		048097732345396E0022FB43 /* ViewControllers */ = {
			isa = PBXGroup;
			children = (
				049E4E66238AF3FD007DF3E3 /* HomeScreen */,
				047F3F7E237C92CB00B0CCA4 /* ResetPasswordViewController */,
				044A1B112360E54A001E9F2F /* SignInViewController */,
				044A1B122360E57D001E9F2F /* LogInViewConroller */,
			);
			path = ViewControllers;
			sourceTree = "<group>";
		};
		0480977C234539810022FB43 /* Extension */ = {
			isa = PBXGroup;
			children = (
				0480977D234539810022FB43 /* UIColor+HEX.swift */,
				04CE61C32364CE6000F534E9 /* UIView.swift */,
				04CE61BE2364BCDC00F534E9 /* UITextField.swift */,
				044A1B132360E5C9001E9F2F /* String+PasswordValidation.swift */,
				040DE74F2377654A00618887 /* UIViewController.swift */,
			);
			path = Extension;
			sourceTree = "<group>";
		};
		0480977F2345398E0022FB43 /* Constants */ = {
			isa = PBXGroup;
			children = (
				048097802345398E0022FB43 /* Constants.swift */,
				04FCED5423DCFB5D0097DD03 /* Constants+Firebase.swift */,
				04CE61C02364CA2500F534E9 /* Text */,
				048097812345398E0022FB43 /* Color */,
				048097832345398E0022FB43 /* Fonts */,
			);
			path = Constants;
			sourceTree = "<group>";
		};
		048097812345398E0022FB43 /* Color */ = {
			isa = PBXGroup;
			children = (
				048097822345398E0022FB43 /* Color.swift */,
			);
			path = Color;
			sourceTree = "<group>";
		};
		048097832345398E0022FB43 /* Fonts */ = {
			isa = PBXGroup;
			children = (
				048097842345398E0022FB43 /* FontRepresentable.swift */,
				048097852345398E0022FB43 /* Font.swift */,
			);
			path = Fonts;
			sourceTree = "<group>";
		};
		049E4E5E238AC412007DF3E3 /* Coordinators */ = {
			isa = PBXGroup;
			children = (
				04652DD3238DDFA30069452B /* RootCoordinator.swift */,
				04652DD5238F2A950069452B /* TabBarCoordinator.swift */,
				049E4E5F238AC42E007DF3E3 /* AuthenticationCoordinator.swift */,
			);
			name = Coordinators;
			sourceTree = "<group>";
		};
		049E4E63238AC748007DF3E3 /* Protocols */ = {
			isa = PBXGroup;
			children = (
				049E4E61238AC469007DF3E3 /* Coordinator.swift */,
				049E4E64238AC7A2007DF3E3 /* Storyboarded.swift */,
			);
			path = Protocols;
			sourceTree = "<group>";
		};
		049E4E66238AF3FD007DF3E3 /* HomeScreen */ = {
			isa = PBXGroup;
			children = (
				049E4E67238AF416007DF3E3 /* HomeScreenViewController.swift */,
				049E4E69238AF438007DF3E3 /* HomeScreenViewController.storyboard */,
			);
			path = HomeScreen;
			sourceTree = "<group>";
		};
		04CE61C02364CA2500F534E9 /* Text */ = {
			isa = PBXGroup;
			children = (
				04CE61C12364CA5B00F534E9 /* Text.swift */,
			);
			path = Text;
			sourceTree = "<group>";
		};
		04CE61C72364EB7100F534E9 /* Services */ = {
			isa = PBXGroup;
			children = (
				0443657C23E5875A00E78BA9 /* FirebaseManager.swift */,
				0443658423E59A2A00E78BA9 /* UserDefaultsManager.swift */,
				0443658623E59D4E00E78BA9 /* LogService.swift */,
			);
			path = Services;
			sourceTree = "<group>";
		};
		04CE61C82364EDA900F534E9 /* PasswordValidator */ = {
			isa = PBXGroup;
			children = (
				04CE61C52364E23700F534E9 /* ExtenededPasswordValidator.swift */,
				04CE61C92364EDEF00F534E9 /* PasswordValidation.swift */,
			);
			path = PasswordValidator;
			sourceTree = "<group>";
		};
		04FCED5323DCF7F40097DD03 /* Models */ = {
			isa = PBXGroup;
			children = (
				04FCED5123DCF5310097DD03 /* FirebaseUser.swift */,
			);
			path = Models;
			sourceTree = "<group>";
		};
		2C98E48E6CFE74A03E588082 /* Pods */ = {
			isa = PBXGroup;
			children = (
				C9864BBBF0B9039AD325E6C9 /* Pods-Barter.debug.xcconfig */,
				BFC8242630FA690C6478722C /* Pods-Barter.release.xcconfig */,
			);
			path = Pods;
			sourceTree = "<group>";
		};
		41FC902A98358654D8F675BA /* Frameworks */ = {
			isa = PBXGroup;
			children = (
				75798B9D348173198AB3974B /* Pods_Barter.framework */,
			);
			name = Frameworks;
			sourceTree = "<group>";
		};
/* End PBXGroup section */

/* Begin PBXNativeTarget section */
		04809756234538E90022FB43 /* Barter */ = {
			isa = PBXNativeTarget;
			buildConfigurationList = 0480976B234538EA0022FB43 /* Build configuration list for PBXNativeTarget "Barter" */;
			buildPhases = (
				B7334687C66BC50FA26BB3B3 /* [CP] Check Pods Manifest.lock */,
				04809753234538E90022FB43 /* Sources */,
				04809754234538E90022FB43 /* Frameworks */,
				04809755234538E90022FB43 /* Resources */,
				EF7D6783BC5C52CC8A047E2C /* [CP] Embed Pods Frameworks */,
			);
			buildRules = (
			);
			dependencies = (
			);
			name = Barter;
			productName = Barter;
			productReference = 04809757234538E90022FB43 /* Barter.app */;
			productType = "com.apple.product-type.application";
		};
/* End PBXNativeTarget section */

/* Begin PBXProject section */
		0480974F234538E80022FB43 /* Project object */ = {
			isa = PBXProject;
			attributes = {
				LastSwiftUpdateCheck = 1100;
				LastUpgradeCheck = 1100;
				ORGANIZATIONNAME = VasylFuchenko;
				TargetAttributes = {
					04809756234538E90022FB43 = {
						CreatedOnToolsVersion = 11.0;
					};
				};
			};
			buildConfigurationList = 04809752234538E80022FB43 /* Build configuration list for PBXProject "Barter" */;
			compatibilityVersion = "Xcode 9.3";
			developmentRegion = en;
			hasScannedForEncodings = 0;
			knownRegions = (
				en,
				Base,
			);
			mainGroup = 0480974E234538E80022FB43;
			productRefGroup = 04809758234538E90022FB43 /* Products */;
			projectDirPath = "";
			projectRoot = "";
			targets = (
				04809756234538E90022FB43 /* Barter */,
			);
		};
/* End PBXProject section */

/* Begin PBXResourcesBuildPhase section */
		04809755234538E90022FB43 /* Resources */ = {
			isa = PBXResourcesBuildPhase;
			buildActionMask = 2147483647;
			files = (
				04809767234538EA0022FB43 /* LaunchScreen.storyboard in Resources */,
				047F3F80237C92FD00B0CCA4 /* ResetPasswordViewController.storyboard in Resources */,
				049E4E6A238AF438007DF3E3 /* HomeScreenViewController.storyboard in Resources */,
				048097782345396E0022FB43 /* SignInViewController.storyboard in Resources */,
				0480978B23453A9E0022FB43 /* GoogleService-Info.plist in Resources */,
				0480977B2345396E0022FB43 /* LoginViewController.storyboard in Resources */,
				04809764234538EA0022FB43 /* Preview Assets.xcassets in Resources */,
				04809761234538EA0022FB43 /* Assets.xcassets in Resources */,
			);
			runOnlyForDeploymentPostprocessing = 0;
		};
/* End PBXResourcesBuildPhase section */

/* Begin PBXShellScriptBuildPhase section */
		B7334687C66BC50FA26BB3B3 /* [CP] Check Pods Manifest.lock */ = {
			isa = PBXShellScriptBuildPhase;
			buildActionMask = 2147483647;
			files = (
			);
			inputFileListPaths = (
			);
			inputPaths = (
				"${PODS_PODFILE_DIR_PATH}/Podfile.lock",
				"${PODS_ROOT}/Manifest.lock",
			);
			name = "[CP] Check Pods Manifest.lock";
			outputFileListPaths = (
			);
			outputPaths = (
				"$(DERIVED_FILE_DIR)/Pods-Barter-checkManifestLockResult.txt",
			);
			runOnlyForDeploymentPostprocessing = 0;
			shellPath = /bin/sh;
			shellScript = "diff \"${PODS_PODFILE_DIR_PATH}/Podfile.lock\" \"${PODS_ROOT}/Manifest.lock\" > /dev/null\nif [ $? != 0 ] ; then\n    # print error to STDERR\n    echo \"error: The sandbox is not in sync with the Podfile.lock. Run 'pod install' or update your CocoaPods installation.\" >&2\n    exit 1\nfi\n# This output is used by Xcode 'outputs' to avoid re-running this script phase.\necho \"SUCCESS\" > \"${SCRIPT_OUTPUT_FILE_0}\"\n";
			showEnvVarsInLog = 0;
		};
		EF7D6783BC5C52CC8A047E2C /* [CP] Embed Pods Frameworks */ = {
			isa = PBXShellScriptBuildPhase;
			buildActionMask = 2147483647;
			files = (
			);
			inputFileListPaths = (
				"${PODS_ROOT}/Target Support Files/Pods-Barter/Pods-Barter-frameworks-${CONFIGURATION}-input-files.xcfilelist",
			);
			name = "[CP] Embed Pods Frameworks";
			outputFileListPaths = (
				"${PODS_ROOT}/Target Support Files/Pods-Barter/Pods-Barter-frameworks-${CONFIGURATION}-output-files.xcfilelist",
			);
			runOnlyForDeploymentPostprocessing = 0;
			shellPath = /bin/sh;
			shellScript = "\"${PODS_ROOT}/Target Support Files/Pods-Barter/Pods-Barter-frameworks.sh\"\n";
			showEnvVarsInLog = 0;
		};
/* End PBXShellScriptBuildPhase section */

/* Begin PBXSourcesBuildPhase section */
		04809753234538E90022FB43 /* Sources */ = {
			isa = PBXSourcesBuildPhase;
			buildActionMask = 2147483647;
			files = (
				0443658B23E5C79900E78BA9 /* FirebaseCollection.swift in Sources */,
				0443658723E59D4E00E78BA9 /* LogService.swift in Sources */,
				0443658323E593CB00E78BA9 /* UserDefaults.swift in Sources */,
				0480977E234539810022FB43 /* UIColor+HEX.swift in Sources */,
				048097892345398E0022FB43 /* Font.swift in Sources */,
				04652DD6238F2A950069452B /* TabBarCoordinator.swift in Sources */,
				0443657D23E5875A00E78BA9 /* FirebaseManager.swift in Sources */,
				0480975B234538E90022FB43 /* AppDelegate.swift in Sources */,
				040C7D64236F782300E2865D /* FloatLabelTextField.swift in Sources */,
				04CE61BF2364BCDC00F534E9 /* UITextField.swift in Sources */,
				0443658D23E605FB00E78BA9 /* Encodable.swift in Sources */,
				049E4E68238AF416007DF3E3 /* HomeScreenViewController.swift in Sources */,
				0443658023E5925100E78BA9 /* UserDefaultKey.swift in Sources */,
				0480975D234538E90022FB43 /* SceneDelegate.swift in Sources */,
				0443658F23E60D9400E78BA9 /* String.swift in Sources */,
				04CE61CA2364EDEF00F534E9 /* PasswordValidation.swift in Sources */,
				04652DD4238DDFA30069452B /* RootCoordinator.swift in Sources */,
				0480977A2345396E0022FB43 /* SignInViewController.swift in Sources */,
				040DE7502377654A00618887 /* UIViewController.swift in Sources */,
				047F3F7D237C92B500B0CCA4 /* ResetPasswordViewController.swift in Sources */,
				048097792345396E0022FB43 /* LoginViewController.swift in Sources */,
				04CE61C62364E23700F534E9 /* ExtenededPasswordValidator.swift in Sources */,
				049E4E62238AC469007DF3E3 /* Coordinator.swift in Sources */,
				04FCED5523DCFB5D0097DD03 /* Constants+Firebase.swift in Sources */,
				04CE61C22364CA5B00F534E9 /* Text.swift in Sources */,
				048097862345398E0022FB43 /* Constants.swift in Sources */,
				049E4E60238AC42E007DF3E3 /* AuthenticationCoordinator.swift in Sources */,
				04CE61C42364CE6000F534E9 /* UIView.swift in Sources */,
				04FCED5223DCF5310097DD03 /* FirebaseUser.swift in Sources */,
				048097872345398E0022FB43 /* Color.swift in Sources */,
				0443658523E59A2A00E78BA9 /* UserDefaultsManager.swift in Sources */,
				044A1B142360E5C9001E9F2F /* String+PasswordValidation.swift in Sources */,
				048097882345398E0022FB43 /* FontRepresentable.swift in Sources */,
				049E4E65238AC7A2007DF3E3 /* Storyboarded.swift in Sources */,
			);
			runOnlyForDeploymentPostprocessing = 0;
		};
/* End PBXSourcesBuildPhase section */

/* Begin PBXVariantGroup section */
		04809765234538EA0022FB43 /* LaunchScreen.storyboard */ = {
			isa = PBXVariantGroup;
			children = (
				04809766234538EA0022FB43 /* Base */,
			);
			name = LaunchScreen.storyboard;
			sourceTree = "<group>";
		};
/* End PBXVariantGroup section */

/* Begin XCBuildConfiguration section */
		04809769234538EA0022FB43 /* Debug */ = {
			isa = XCBuildConfiguration;
			buildSettings = {
				ALWAYS_SEARCH_USER_PATHS = NO;
				CLANG_ANALYZER_NONNULL = YES;
				CLANG_ANALYZER_NUMBER_OBJECT_CONVERSION = YES_AGGRESSIVE;
				CLANG_CXX_LANGUAGE_STANDARD = "gnu++14";
				CLANG_CXX_LIBRARY = "libc++";
				CLANG_ENABLE_MODULES = YES;
				CLANG_ENABLE_OBJC_ARC = YES;
				CLANG_ENABLE_OBJC_WEAK = YES;
				CLANG_WARN_BLOCK_CAPTURE_AUTORELEASING = YES;
				CLANG_WARN_BOOL_CONVERSION = YES;
				CLANG_WARN_COMMA = YES;
				CLANG_WARN_CONSTANT_CONVERSION = YES;
				CLANG_WARN_DEPRECATED_OBJC_IMPLEMENTATIONS = YES;
				CLANG_WARN_DIRECT_OBJC_ISA_USAGE = YES_ERROR;
				CLANG_WARN_DOCUMENTATION_COMMENTS = YES;
				CLANG_WARN_EMPTY_BODY = YES;
				CLANG_WARN_ENUM_CONVERSION = YES;
				CLANG_WARN_INFINITE_RECURSION = YES;
				CLANG_WARN_INT_CONVERSION = YES;
				CLANG_WARN_NON_LITERAL_NULL_CONVERSION = YES;
				CLANG_WARN_OBJC_IMPLICIT_RETAIN_SELF = YES;
				CLANG_WARN_OBJC_LITERAL_CONVERSION = YES;
				CLANG_WARN_OBJC_ROOT_CLASS = YES_ERROR;
				CLANG_WARN_RANGE_LOOP_ANALYSIS = YES;
				CLANG_WARN_STRICT_PROTOTYPES = YES;
				CLANG_WARN_SUSPICIOUS_MOVE = YES;
				CLANG_WARN_UNGUARDED_AVAILABILITY = YES_AGGRESSIVE;
				CLANG_WARN_UNREACHABLE_CODE = YES;
				CLANG_WARN__DUPLICATE_METHOD_MATCH = YES;
				COPY_PHASE_STRIP = NO;
				DEBUG_INFORMATION_FORMAT = dwarf;
				ENABLE_STRICT_OBJC_MSGSEND = YES;
				ENABLE_TESTABILITY = YES;
				GCC_C_LANGUAGE_STANDARD = gnu11;
				GCC_DYNAMIC_NO_PIC = NO;
				GCC_NO_COMMON_BLOCKS = YES;
				GCC_OPTIMIZATION_LEVEL = 0;
				GCC_PREPROCESSOR_DEFINITIONS = (
					"DEBUG=1",
					"$(inherited)",
				);
				GCC_WARN_64_TO_32_BIT_CONVERSION = YES;
				GCC_WARN_ABOUT_RETURN_TYPE = YES_ERROR;
				GCC_WARN_UNDECLARED_SELECTOR = YES;
				GCC_WARN_UNINITIALIZED_AUTOS = YES_AGGRESSIVE;
				GCC_WARN_UNUSED_FUNCTION = YES;
				GCC_WARN_UNUSED_VARIABLE = YES;
				IPHONEOS_DEPLOYMENT_TARGET = 13.0;
				MTL_ENABLE_DEBUG_INFO = INCLUDE_SOURCE;
				MTL_FAST_MATH = YES;
				ONLY_ACTIVE_ARCH = YES;
				SDKROOT = iphoneos;
				SWIFT_ACTIVE_COMPILATION_CONDITIONS = DEBUG;
				SWIFT_OPTIMIZATION_LEVEL = "-Onone";
			};
			name = Debug;
		};
		0480976A234538EA0022FB43 /* Release */ = {
			isa = XCBuildConfiguration;
			buildSettings = {
				ALWAYS_SEARCH_USER_PATHS = NO;
				CLANG_ANALYZER_NONNULL = YES;
				CLANG_ANALYZER_NUMBER_OBJECT_CONVERSION = YES_AGGRESSIVE;
				CLANG_CXX_LANGUAGE_STANDARD = "gnu++14";
				CLANG_CXX_LIBRARY = "libc++";
				CLANG_ENABLE_MODULES = YES;
				CLANG_ENABLE_OBJC_ARC = YES;
				CLANG_ENABLE_OBJC_WEAK = YES;
				CLANG_WARN_BLOCK_CAPTURE_AUTORELEASING = YES;
				CLANG_WARN_BOOL_CONVERSION = YES;
				CLANG_WARN_COMMA = YES;
				CLANG_WARN_CONSTANT_CONVERSION = YES;
				CLANG_WARN_DEPRECATED_OBJC_IMPLEMENTATIONS = YES;
				CLANG_WARN_DIRECT_OBJC_ISA_USAGE = YES_ERROR;
				CLANG_WARN_DOCUMENTATION_COMMENTS = YES;
				CLANG_WARN_EMPTY_BODY = YES;
				CLANG_WARN_ENUM_CONVERSION = YES;
				CLANG_WARN_INFINITE_RECURSION = YES;
				CLANG_WARN_INT_CONVERSION = YES;
				CLANG_WARN_NON_LITERAL_NULL_CONVERSION = YES;
				CLANG_WARN_OBJC_IMPLICIT_RETAIN_SELF = YES;
				CLANG_WARN_OBJC_LITERAL_CONVERSION = YES;
				CLANG_WARN_OBJC_ROOT_CLASS = YES_ERROR;
				CLANG_WARN_RANGE_LOOP_ANALYSIS = YES;
				CLANG_WARN_STRICT_PROTOTYPES = YES;
				CLANG_WARN_SUSPICIOUS_MOVE = YES;
				CLANG_WARN_UNGUARDED_AVAILABILITY = YES_AGGRESSIVE;
				CLANG_WARN_UNREACHABLE_CODE = YES;
				CLANG_WARN__DUPLICATE_METHOD_MATCH = YES;
				COPY_PHASE_STRIP = NO;
				DEBUG_INFORMATION_FORMAT = "dwarf-with-dsym";
				ENABLE_NS_ASSERTIONS = NO;
				ENABLE_STRICT_OBJC_MSGSEND = YES;
				GCC_C_LANGUAGE_STANDARD = gnu11;
				GCC_NO_COMMON_BLOCKS = YES;
				GCC_WARN_64_TO_32_BIT_CONVERSION = YES;
				GCC_WARN_ABOUT_RETURN_TYPE = YES_ERROR;
				GCC_WARN_UNDECLARED_SELECTOR = YES;
				GCC_WARN_UNINITIALIZED_AUTOS = YES_AGGRESSIVE;
				GCC_WARN_UNUSED_FUNCTION = YES;
				GCC_WARN_UNUSED_VARIABLE = YES;
				IPHONEOS_DEPLOYMENT_TARGET = 13.0;
				MTL_ENABLE_DEBUG_INFO = NO;
				MTL_FAST_MATH = YES;
				SDKROOT = iphoneos;
				SWIFT_COMPILATION_MODE = wholemodule;
				SWIFT_OPTIMIZATION_LEVEL = "-O";
				VALIDATE_PRODUCT = YES;
			};
			name = Release;
		};
		0480976C234538EA0022FB43 /* Debug */ = {
			isa = XCBuildConfiguration;
			baseConfigurationReference = C9864BBBF0B9039AD325E6C9 /* Pods-Barter.debug.xcconfig */;
			buildSettings = {
				ASSETCATALOG_COMPILER_APPICON_NAME = AppIcon;
				CODE_SIGN_STYLE = Automatic;
				DEVELOPMENT_ASSET_PATHS = "\"Barter/Preview Content\"";
				DEVELOPMENT_TEAM = G65925GU9V;
				ENABLE_PREVIEWS = YES;
				INFOPLIST_FILE = Barter/Info.plist;
				LD_RUNPATH_SEARCH_PATHS = (
					"$(inherited)",
					"@executable_path/Frameworks",
				);
				PRODUCT_BUNDLE_IDENTIFIER = com.VasylFuchenko.Barter;
				PRODUCT_NAME = "$(TARGET_NAME)";
				SWIFT_VERSION = 5.0;
				TARGETED_DEVICE_FAMILY = "1,2";
			};
			name = Debug;
		};
		0480976D234538EA0022FB43 /* Release */ = {
			isa = XCBuildConfiguration;
			baseConfigurationReference = BFC8242630FA690C6478722C /* Pods-Barter.release.xcconfig */;
			buildSettings = {
				ASSETCATALOG_COMPILER_APPICON_NAME = AppIcon;
				CODE_SIGN_STYLE = Automatic;
				DEVELOPMENT_ASSET_PATHS = "\"Barter/Preview Content\"";
				DEVELOPMENT_TEAM = G65925GU9V;
				ENABLE_PREVIEWS = YES;
				INFOPLIST_FILE = Barter/Info.plist;
				LD_RUNPATH_SEARCH_PATHS = (
					"$(inherited)",
					"@executable_path/Frameworks",
				);
				PRODUCT_BUNDLE_IDENTIFIER = com.VasylFuchenko.Barter;
				PRODUCT_NAME = "$(TARGET_NAME)";
				SWIFT_VERSION = 5.0;
				TARGETED_DEVICE_FAMILY = "1,2";
			};
			name = Release;
		};
/* End XCBuildConfiguration section */

/* Begin XCConfigurationList section */
		04809752234538E80022FB43 /* Build configuration list for PBXProject "Barter" */ = {
			isa = XCConfigurationList;
			buildConfigurations = (
				04809769234538EA0022FB43 /* Debug */,
				0480976A234538EA0022FB43 /* Release */,
			);
			defaultConfigurationIsVisible = 0;
			defaultConfigurationName = Release;
		};
		0480976B234538EA0022FB43 /* Build configuration list for PBXNativeTarget "Barter" */ = {
			isa = XCConfigurationList;
			buildConfigurations = (
				0480976C234538EA0022FB43 /* Debug */,
				0480976D234538EA0022FB43 /* Release */,
			);
			defaultConfigurationIsVisible = 0;
			defaultConfigurationName = Release;
		};
/* End XCConfigurationList section */
	};
	rootObject = 0480974F234538E80022FB43 /* Project object */;
}
